
Microsoft Visual Studio Solution File, Format Version 12.00
# Visual Studio Version 17
VisualStudioVersion = 17.5.33424.131
MinimumVisualStudioVersion = 10.0.40219.1
Project("{FAE04EC0-301F-11D3-BF4B-00C04F79EFBC}") = "Reminder", "Reminder\Reminder.csproj", "{E5EBDD65-29B7-4D55-A91D-5D319ADE4D2C}"
EndProject
Global
	GlobalSection(SolutionConfigurationPlatforms) = preSolution
		Debug|Any CPU = Debug|Any CPU
		Release|Any CPU = Release|Any CPU
	EndGlobalSection
	GlobalSection(ProjectConfigurationPlatforms) = postSolution
		{E5EBDD65-29B7-4D55-A91D-5D319ADE4D2C}.Debug|Any CPU.ActiveCfg = Debug|Any CPU
		{E5EBDD65-29B7-4D55-A91D-5D319ADE4D2C}.Debug|Any CPU.Build.0 = Debug|Any CPU
		{E5EBDD65-29B7-4D55-A91D-5D319ADE4D2C}.Release|Any CPU.ActiveCfg = Release|Any CPU
		{E5EBDD65-29B7-4D55-A91D-5D319ADE4D2C}.Release|Any CPU.Build.0 = Release|Any CPU
	EndGlobalSection
	GlobalSection(SolutionProperties) = preSolution
		HideSolutionNode = FALSE
	EndGlobalSection
	GlobalSection(ExtensibilityGlobals) = postSolution
		SolutionGuid = {56E7E76C-4A9D-455F-86C7-3727364F7902}
	EndGlobalSection
EndGlobal
